
Microsoft Visual Studio Solution File, Format Version 12.00
# Visual Studio Version 16
VisualStudioVersion = 16.0.29806.167
MinimumVisualStudioVersion = 10.0.40219.1
Project("{9A19103F-16F7-4668-BE54-9A1E7A4F7556}") = "WorkoutApp", "WorkoutApp\WorkoutApp.csproj", "{34BDB481-246A-4495-8A69-F77F809A87C3}"
EndProject
Project("{9A19103F-16F7-4668-BE54-9A1E7A4F7556}") = "WorkoutAppTests", "WorkoutAppTests\WorkoutAppTests.csproj", "{0F95A737-A1EB-40A8-93E2-295AE36288CF}"
EndProject
Project("{54435603-DBB4-11D2-8724-00A0C9A8B90C}") = "WorkoutAppSetup", "WorkoutAppSetup\WorkoutAppSetup.vdproj", "{B5727B05-4AED-4734-858A-2B9D9CEE751D}"
EndProject
Global
	GlobalSection(SolutionConfigurationPlatforms) = preSolution
		Debug|Any CPU = Debug|Any CPU
		Debug|x86 = Debug|x86
		Release|Any CPU = Release|Any CPU
		Release|x86 = Release|x86
	EndGlobalSection
	GlobalSection(ProjectConfigurationPlatforms) = postSolution
		{34BDB481-246A-4495-8A69-F77F809A87C3}.Debug|Any CPU.ActiveCfg = Debug|x86
		{34BDB481-246A-4495-8A69-F77F809A87C3}.Debug|Any CPU.Build.0 = Debug|x86
		{34BDB481-246A-4495-8A69-F77F809A87C3}.Debug|x86.ActiveCfg = Release|x86
		{34BDB481-246A-4495-8A69-F77F809A87C3}.Debug|x86.Build.0 = Release|x86
		{34BDB481-246A-4495-8A69-F77F809A87C3}.Release|Any CPU.ActiveCfg = Release|Any CPU
		{34BDB481-246A-4495-8A69-F77F809A87C3}.Release|Any CPU.Build.0 = Release|Any CPU
		{34BDB481-246A-4495-8A69-F77F809A87C3}.Release|x86.ActiveCfg = Release|x86
		{34BDB481-246A-4495-8A69-F77F809A87C3}.Release|x86.Build.0 = Release|x86
		{0F95A737-A1EB-40A8-93E2-295AE36288CF}.Debug|Any CPU.ActiveCfg = Debug|x86
		{0F95A737-A1EB-40A8-93E2-295AE36288CF}.Debug|Any CPU.Build.0 = Debug|x86
		{0F95A737-A1EB-40A8-93E2-295AE36288CF}.Debug|x86.ActiveCfg = Debug|Any CPU
		{0F95A737-A1EB-40A8-93E2-295AE36288CF}.Release|Any CPU.ActiveCfg = Release|Any CPU
		{0F95A737-A1EB-40A8-93E2-295AE36288CF}.Release|x86.ActiveCfg = Release|Any CPU
		{0F95A737-A1EB-40A8-93E2-295AE36288CF}.Release|x86.Build.0 = Release|Any CPU
		{B5727B05-4AED-4734-858A-2B9D9CEE751D}.Debug|Any CPU.ActiveCfg = Debug
		{B5727B05-4AED-4734-858A-2B9D9CEE751D}.Debug|x86.ActiveCfg = Debug
		{B5727B05-4AED-4734-858A-2B9D9CEE751D}.Release|Any CPU.ActiveCfg = Release
		{B5727B05-4AED-4734-858A-2B9D9CEE751D}.Release|Any CPU.Build.0 = Release
		{B5727B05-4AED-4734-858A-2B9D9CEE751D}.Release|x86.ActiveCfg = Release
		{B5727B05-4AED-4734-858A-2B9D9CEE751D}.Release|x86.Build.0 = Release
	EndGlobalSection
	GlobalSection(SolutionProperties) = preSolution
		HideSolutionNode = FALSE
	EndGlobalSection
	GlobalSection(ExtensibilityGlobals) = postSolution
		SolutionGuid = {08A2D244-22C7-46F1-87DB-209564349D74}
	EndGlobalSection
EndGlobal
